dependencies:
- name: postgresql
  repository: https://charts.bitnami.com/bitnami
  version: 12.1.15
- name: redis
  repository: https://charts.bitnami.com/bitnami
  version: 17.7.3
digest: sha256:eb937a34123d186754d22bbae105e1dbd59d5bf787fe4e28a1fd72a60f3cf121
generated: "2023-02-12T22:37:24.2988-05:00"
