{
	"name": "@routr/edgeport",
	"version": "2.0.3",
	"lockfileVersion": 2,
	"requires": true,
	"packages": {
		"": {
			"name": "@routr/edgeport",
			"version": "2.0.0",
			"license": "MIT",
			"devDependencies": {
				"@types/node": "^17.0.6"
			}
		},
		"node_modules/@types/node": {
			"version": "17.0.6",
			"resolved": "https://registry.npmjs.org/@types/node/-/node-17.0.6.tgz",
			"integrity": "sha512-+XBAjfZmmivILUzO0HwBJoYkAyyySSLg5KCGBDFLomJo0sV6szvVLAf4ANZZ0pfWzgEds5KmGLG9D5hfEqOhaA==",
			"dev": true
		}
	},
	"dependencies": {
		"@types/node": {
			"version": "17.0.6",
			"resolved": "https://registry.npmjs.org/@types/node/-/node-17.0.6.tgz",
			"integrity": "sha512-+XBAjfZmmivILUzO0HwBJoYkAyyySSLg5KCGBDFLomJo0sV6szvVLAf4ANZZ0pfWzgEds5KmGLG9D5hfEqOhaA==",
			"dev": true
		}
	}
}
