{
	"name": "@routr/common",
	"version": "2.0.5-alpha.13",
	"lockfileVersion": 2,
	"requires": true,
	"packages": {
		"": {
			"name": "@routr/common",
			"version": "2.0.5-alpha.12",
			"license": "MIT",
			"dependencies": {
				"@opentelemetry/api": "^1.0.2"
			}
		},
		"node_modules/@opentelemetry/api": {
			"version": "1.1.0",
			"resolved": "https://registry.npmjs.org/@opentelemetry/api/-/api-1.1.0.tgz",
			"integrity": "sha512-hf+3bwuBwtXsugA2ULBc95qxrOqP2pOekLz34BJhcAKawt94vfeNyUKpYc0lZQ/3sCP6LqRa7UAdHA7i5UODzQ==",
			"engines": {
				"node": ">=8.0.0"
			}
		}
	},
	"dependencies": {
		"@opentelemetry/api": {
			"version": "1.1.0",
			"resolved": "https://registry.npmjs.org/@opentelemetry/api/-/api-1.1.0.tgz",
			"integrity": "sha512-hf+3bwuBwtXsugA2ULBc95qxrOqP2pOekLz34BJhcAKawt94vfeNyUKpYc0lZQ/3sCP6LqRa7UAdHA7i5UODzQ=="
		}
	}
}
