{
  "name": "@routr/edgeport",
  "version": "2.0.5-alpha.6",
  "lockfileVersion": 2,
  "requires": true,
  "packages": {
    "": {
      "name": "@routr/edgeport",
      "version": "2.0.5-alpha.1",
      "license": "MIT",
      "dependencies": {
        "fp-ts": "^2.11.8"
      }
    },
    "node_modules/fp-ts": {
      "version": "2.11.8",
      "resolved": "https://registry.npmjs.org/fp-ts/-/fp-ts-2.11.8.tgz",
      "integrity": "sha512-WQT6rP6Jt3TxMdQB3IKzvfZKLuldumntgumLhIUhvPrukTHdWNI4JgEHY04Bd0LIOR9IQRpB+7RuxgUU0Vhmcg=="
    }
  },
  "dependencies": {
    "fp-ts": {
      "version": "2.11.8",
      "resolved": "https://registry.npmjs.org/fp-ts/-/fp-ts-2.11.8.tgz",
      "integrity": "sha512-WQT6rP6Jt3TxMdQB3IKzvfZKLuldumntgumLhIUhvPrukTHdWNI4JgEHY04Bd0LIOR9IQRpB+7RuxgUU0Vhmcg=="
    }
  }
}
